
Microsoft Visual Studio Solution File, Format Version 12.00
# Visual Studio 14
VisualStudioVersion = 14.0.25123.0
MinimumVisualStudioVersion = 10.0.40219.1
Project("{D944119B-83E2-4C16-8E37-57519F3AD3B3}") = "Sitecore.Support.367702", "Sitecore.Support.367702\Sitecore.Support.367702.csproj", "{858ED70C-BBE5-41DE-ACCA-238BFDC919A8}"
EndProject
Global
	GlobalSection(SolutionConfigurationPlatforms) = preSolution
		Debug|Any CPU = Debug|Any CPU
		Release|Any CPU = Release|Any CPU
	EndGlobalSection
	GlobalSection(ProjectConfigurationPlatforms) = postSolution
		{858ED70C-BBE5-41DE-ACCA-238BFDC919A8}.Debug|Any CPU.ActiveCfg = Debug|Any CPU
		{858ED70C-BBE5-41DE-ACCA-238BFDC919A8}.Debug|Any CPU.Build.0 = Debug|Any CPU
		{858ED70C-BBE5-41DE-ACCA-238BFDC919A8}.Release|Any CPU.ActiveCfg = Release|Any CPU
		{858ED70C-BBE5-41DE-ACCA-238BFDC919A8}.Release|Any CPU.Build.0 = Release|Any CPU
	EndGlobalSection
	GlobalSection(SolutionProperties) = preSolution
		HideSolutionNode = FALSE
	EndGlobalSection
EndGlobal
